{
  "requires": true,
  "lockfileVersion": 1,
  "dependencies": {
    "dayjs": {
      "version": "1.8.16",
      "resolved": "https://registry.npm.taobao.org/dayjs/download/dayjs-1.8.16.tgz",
      "integrity": "sha1-Kjdx3lNyVRkblHlXry/ZABLnHmQ="
    },
    "uni-request": {
      "version": "1.0.2",
      "resolved": "https://registry.npm.taobao.org/uni-request/download/uni-request-1.0.2.tgz",
      "integrity": "sha1-qidrHobVgi5KdHpIRkiSJ0SH3FI="
    }
  }
}
